<?xml version="1.0" encoding="utf-8"?>
<Project ToolsVersion="4.0" xmlns="http://schemas.microsoft.com/developer/msbuild/2003">
  <ItemGroup>
    <Filter Include="Source Files">
      <UniqueIdentifier>{4FC737F1-C7A5-4376-A066-2A32D752A2FF}</UniqueIdentifier>
      <Extensions>cpp;c;cxx;def;odl;idl;hpj;bat;asm;asmx</Extensions>
    </Filter>
    <Filter Include="External">
      <UniqueIdentifier>{3608dd4e-e895-4b42-ae3e-ef4a069d05f6}</UniqueIdentifier>
    </Filter>
    <Filter Include="External\Playspan">
      <UniqueIdentifier>{a4925dad-2466-459c-9605-49469a977858}</UniqueIdentifier>
    </Filter>
    <Filter Include="External\sql">
      <UniqueIdentifier>{5d55276a-b394-4706-8d4d-dfb1926a2d8d}</UniqueIdentifier>
    </Filter>
  </ItemGroup>
  <ItemGroup>
    <ClCompile Include="..\Common\account\AccountCatalog.c">
      <Filter>External</Filter>
    </ClCompile>
    <ClCompile Include="..\Common\cmdparse\AppServerCmd.c">
      <Filter>External</Filter>
    </ClCompile>
    <ClCompile Include="..\Common\cmdparse\cmdaccountserver.c">
      <Filter>External</Filter>
    </ClCompile>
    <ClCompile Include="..\Common\entity\LoadDefCommon.c">
      <Filter>External</Filter>
    </ClCompile>
    <ClCompile Include="..\Common\persist\textcrcdb.c">
      <Filter>External</Filter>
    </ClCompile>
    <ClCompile Include="..\Common\persist\textcrcjournal.c">
      <Filter>External</Filter>
    </ClCompile>
    <ClCompile Include="account_inventory.cpp">
      <Filter>Source Files</Filter>
    </ClCompile>
    <ClCompile Include="account_loyaltyrewards.cpp">
      <Filter>Source Files</Filter>
    </ClCompile>
    <ClCompile Include="accountcmds.cpp">
      <Filter>Source Files</Filter>
    </ClCompile>
    <ClCompile Include="AccountDb.cpp">
      <Filter>Source Files</Filter>
    </ClCompile>
    <ClCompile Include="AccountServer.cpp">
      <Filter>Source Files</Filter>
    </ClCompile>
    <ClCompile Include="AccountSql.cpp">
      <Filter>Source Files</Filter>
    </ClCompile>
    <ClCompile Include="request.cpp">
      <Filter>Source Files</Filter>
    </ClCompile>
    <ClCompile Include="request_certification.cpp">
      <Filter>Source Files</Filter>
    </ClCompile>
    <ClCompile Include="request_multi.cpp">
      <Filter>Source Files</Filter>
    </ClCompile>
    <ClCompile Include="request_rename.cpp">
      <Filter>Source Files</Filter>
    </ClCompile>
    <ClCompile Include="request_respec.cpp">
      <Filter>Source Files</Filter>
    </ClCompile>
    <ClCompile Include="request_shardxfer.cpp">
      <Filter>Source Files</Filter>
    </ClCompile>
    <ClCompile Include="request_slot.cpp">
      <Filter>Source Files</Filter>
    </ClCompile>
    <ClCompile Include="transaction.cpp">
      <Filter>Source Files</Filter>
    </ClCompile>
    <ClCompile Include="..\Common\sql\sqlconn.c">
      <Filter>External\sql</Filter>
    </ClCompile>
    <ClCompile Include="..\Common\sql\sqltask.cpp">
      <Filter>External\sql</Filter>
    </ClCompile>
    <ClCompile Include="..\Common\account\AccountData.c">
      <Filter>External</Filter>
    </ClCompile>
    <ClCompile Include="..\Common\account\AccountTypes.cpp">
      <Filter>External</Filter>
    </ClCompile>
    <ClCompile Include="..\Common\Playspan\JSONParser.cpp">
      <Filter>External\Playspan</Filter>
    </ClCompile>
    <ClCompile Include="..\Common\Playspan\PostBackListener.cpp">
      <Filter>External\Playspan</Filter>
    </ClCompile>
  </ItemGroup>
  <ItemGroup>
    <ClInclude Include="..\Common\account\AccountCatalog.h">
      <Filter>External</Filter>
    </ClInclude>
    <ClInclude Include="..\Common\cmdparse\AppServerCmd.h">
      <Filter>External</Filter>
    </ClInclude>
    <ClInclude Include="..\Common\cmdparse\cmdaccountserver.h">
      <Filter>External</Filter>
    </ClInclude>
    <ClInclude Include="..\Common\cmdparse\cmdenum.h">
      <Filter>External</Filter>
    </ClInclude>
    <ClInclude Include="..\Common\entity\gametypes.h">
      <Filter>External</Filter>
    </ClInclude>
    <ClInclude Include="..\Common\persist\textcrcdb.h">
      <Filter>External</Filter>
    </ClInclude>
    <ClInclude Include="..\Common\persist\textcrcjournal.h">
      <Filter>External</Filter>
    </ClInclude>
    <ClInclude Include="account_inventory.h">
      <Filter>Source Files</Filter>
    </ClInclude>
    <ClInclude Include="account_loyaltyrewards.h">
      <Filter>Source Files</Filter>
    </ClInclude>
    <ClInclude Include="AccountCmds.h">
      <Filter>Source Files</Filter>
    </ClInclude>
    <ClInclude Include="AccountDb.hpp">
      <Filter>Source Files</Filter>
    </ClInclude>
    <ClInclude Include="AccountServer.hpp">
      <Filter>Source Files</Filter>
    </ClInclude>
    <ClInclude Include="AccountSql.h">
      <Filter>Source Files</Filter>
    </ClInclude>
    <ClInclude Include="request.hpp">
      <Filter>Source Files</Filter>
    </ClInclude>
    <ClInclude Include="request_certification.hpp">
      <Filter>Source Files</Filter>
    </ClInclude>
    <ClInclude Include="request_multi.hpp">
      <Filter>Source Files</Filter>
    </ClInclude>
    <ClInclude Include="request_rename.hpp">
      <Filter>Source Files</Filter>
    </ClInclude>
    <ClInclude Include="request_respec.hpp">
      <Filter>Source Files</Filter>
    </ClInclude>
    <ClInclude Include="request_shardxfer.hpp">
      <Filter>Source Files</Filter>
    </ClInclude>
    <ClInclude Include="request_slot.hpp">
      <Filter>Source Files</Filter>
    </ClInclude>
    <ClInclude Include="transaction.h">
      <Filter>Source Files</Filter>
    </ClInclude>
    <ClInclude Include="..\Common\sql\sqlconn.h">
      <Filter>External\sql</Filter>
    </ClInclude>
    <ClInclude Include="..\Common\sql\sqltask.h">
      <Filter>External\sql</Filter>
    </ClInclude>
    <ClInclude Include="..\Common\account\AccountData.h">
      <Filter>External</Filter>
    </ClInclude>
    <ClInclude Include="..\Common\account\AccountTypes.h">
      <Filter>External</Filter>
    </ClInclude>
    <ClInclude Include="..\Common\Playspan\JSONParser.h">
      <Filter>External\Playspan</Filter>
    </ClInclude>
    <ClInclude Include="..\Common\Playspan\PostBackListener.h">
      <Filter>External\Playspan</Filter>
    </ClInclude>
  </ItemGroup>
</Project>