<?xml version="1.0" encoding="utf-8"?>
<Project ToolsVersion="4.0" xmlns="http://schemas.microsoft.com/developer/msbuild/2003">
  <ItemGroup>
    <Filter Include="Source Files">
      <UniqueIdentifier>{4FC737F1-C7A5-4376-A066-2A32D752A2FF}</UniqueIdentifier>
      <Extensions>cpp;c;cxx;def;odl;idl;hpj;bat;asm;asmx</Extensions>
    </Filter>
    <Filter Include="External">
      <UniqueIdentifier>{8a2fb7b1-e35d-43c3-b68c-8a50c93e5480}</UniqueIdentifier>
    </Filter>
  </ItemGroup>
  <ItemGroup>
    <ClCompile Include="TurnstileServer.c">
      <Filter>Source Files</Filter>
    </ClCompile>
    <ClCompile Include="TurnstileServerEvent.c">
      <Filter>Source Files</Filter>
    </ClCompile>
    <ClCompile Include="TurnstileServerGroup.c">
      <Filter>Source Files</Filter>
    </ClCompile>
    <ClCompile Include="TurnstileServerMsg.c">
      <Filter>Source Files</Filter>
    </ClCompile>
    <ClCompile Include="..\Common\TurnstileCommon.c">
      <Filter>External</Filter>
    </ClCompile>
    <ClCompile Include="..\Common\TurnstileServerCommon.c">
      <Filter>External</Filter>
    </ClCompile>
  </ItemGroup>
  <ItemGroup>
    <ClInclude Include="TurnstileServer.h">
      <Filter>Source Files</Filter>
    </ClInclude>
    <ClInclude Include="TurnstileServerEvent.h">
      <Filter>Source Files</Filter>
    </ClInclude>
    <ClInclude Include="TurnstileServerGroup.h">
      <Filter>Source Files</Filter>
    </ClInclude>
    <ClInclude Include="TurnstileServerMsg.h">
      <Filter>Source Files</Filter>
    </ClInclude>
    <ClInclude Include="..\Common\TurnstileCommon.h">
      <Filter>External</Filter>
    </ClInclude>
    <ClInclude Include="..\Common\TurnstileServerCommon.h">
      <Filter>External</Filter>
    </ClInclude>
  </ItemGroup>
</Project>